
Microsoft Visual Studio Solution File, Format Version 12.00
# Visual Studio Version 16
VisualStudioVersion = 16.0.29613.14
MinimumVisualStudioVersion = 10.0.40219.1
Project("{9A19103F-16F7-4668-BE54-9A1E7A4F7556}") = "SongLyrics", "SongLyrics\SongLyrics.csproj", "{79EB8272-5888-4FF1-AFDF-DED7055865F4}"
EndProject
Project("{9A19103F-16F7-4668-BE54-9A1E7A4F7556}") = "SongLyrics.Communication", "SongLyrics.Communication\SongLyrics.Communication.csproj", "{3C248EC9-73ED-45EC-A605-506C27083747}"
EndProject
Project("{9A19103F-16F7-4668-BE54-9A1E7A4F7556}") = "SongLyrics.Tests", "SongLyrics.Test\SongLyrics.Tests.csproj", "{AF463958-D4A9-4044-8A8A-DB0B2750A21D}"
EndProject
Project("{9A19103F-16F7-4668-BE54-9A1E7A4F7556}") = "SongLyrics.Application", "SongLyrics.Application\SongLyrics.Application.csproj", "{084A4FE4-67C5-4A2C-AB25-51F26659FD81}"
EndProject
Project("{FAE04EC0-301F-11D3-BF4B-00C04F79EFBC}") = "SongLyrics.Common", "SongLyrics.Common\SongLyrics.Common.csproj", "{F32AF8CF-08B6-47B4-9CF2-A048B057B31A}"
EndProject
Global
	GlobalSection(SolutionConfigurationPlatforms) = preSolution
		Debug|Any CPU = Debug|Any CPU
		Release|Any CPU = Release|Any CPU
	EndGlobalSection
	GlobalSection(ProjectConfigurationPlatforms) = postSolution
		{79EB8272-5888-4FF1-AFDF-DED7055865F4}.Debug|Any CPU.ActiveCfg = Debug|Any CPU
		{79EB8272-5888-4FF1-AFDF-DED7055865F4}.Debug|Any CPU.Build.0 = Debug|Any CPU
		{79EB8272-5888-4FF1-AFDF-DED7055865F4}.Release|Any CPU.ActiveCfg = Release|Any CPU
		{79EB8272-5888-4FF1-AFDF-DED7055865F4}.Release|Any CPU.Build.0 = Release|Any CPU
		{3C248EC9-73ED-45EC-A605-506C27083747}.Debug|Any CPU.ActiveCfg = Debug|Any CPU
		{3C248EC9-73ED-45EC-A605-506C27083747}.Debug|Any CPU.Build.0 = Debug|Any CPU
		{3C248EC9-73ED-45EC-A605-506C27083747}.Release|Any CPU.ActiveCfg = Release|Any CPU
		{3C248EC9-73ED-45EC-A605-506C27083747}.Release|Any CPU.Build.0 = Release|Any CPU
		{AF463958-D4A9-4044-8A8A-DB0B2750A21D}.Debug|Any CPU.ActiveCfg = Debug|Any CPU
		{AF463958-D4A9-4044-8A8A-DB0B2750A21D}.Debug|Any CPU.Build.0 = Debug|Any CPU
		{AF463958-D4A9-4044-8A8A-DB0B2750A21D}.Release|Any CPU.ActiveCfg = Release|Any CPU
		{AF463958-D4A9-4044-8A8A-DB0B2750A21D}.Release|Any CPU.Build.0 = Release|Any CPU
		{084A4FE4-67C5-4A2C-AB25-51F26659FD81}.Debug|Any CPU.ActiveCfg = Debug|Any CPU
		{084A4FE4-67C5-4A2C-AB25-51F26659FD81}.Debug|Any CPU.Build.0 = Debug|Any CPU
		{084A4FE4-67C5-4A2C-AB25-51F26659FD81}.Release|Any CPU.ActiveCfg = Release|Any CPU
		{084A4FE4-67C5-4A2C-AB25-51F26659FD81}.Release|Any CPU.Build.0 = Release|Any CPU
		{F32AF8CF-08B6-47B4-9CF2-A048B057B31A}.Debug|Any CPU.ActiveCfg = Debug|Any CPU
		{F32AF8CF-08B6-47B4-9CF2-A048B057B31A}.Debug|Any CPU.Build.0 = Debug|Any CPU
		{F32AF8CF-08B6-47B4-9CF2-A048B057B31A}.Release|Any CPU.ActiveCfg = Release|Any CPU
		{F32AF8CF-08B6-47B4-9CF2-A048B057B31A}.Release|Any CPU.Build.0 = Release|Any CPU
	EndGlobalSection
	GlobalSection(SolutionProperties) = preSolution
		HideSolutionNode = FALSE
	EndGlobalSection
	GlobalSection(ExtensibilityGlobals) = postSolution
		SolutionGuid = {F25535D8-4D40-4A65-9FED-C3700CDEBA5A}
	EndGlobalSection
EndGlobal
